
Microsoft Visual Studio Solution File, Format Version 10.00
# Visual Studio 2008
Project("{FAE04EC0-301F-11D3-BF4B-00C04F79EFBC}") = "Abutio", "Abutio\Abutio.csproj", "{B6789371-19F1-4808-BA41-12965EBE1CCF}"
EndProject
Global
	GlobalSection(SolutionConfigurationPlatforms) = preSolution
		Debug|Any CPU = Debug|Any CPU
		Release|Any CPU = Release|Any CPU
	EndGlobalSection
	GlobalSection(ProjectConfigurationPlatforms) = postSolution
		{B6789371-19F1-4808-BA41-12965EBE1CCF}.Debug|Any CPU.ActiveCfg = Debug|Any CPU
		{B6789371-19F1-4808-BA41-12965EBE1CCF}.Debug|Any CPU.Build.0 = Debug|Any CPU
		{B6789371-19F1-4808-BA41-12965EBE1CCF}.Release|Any CPU.ActiveCfg = Release|Any CPU
		{B6789371-19F1-4808-BA41-12965EBE1CCF}.Release|Any CPU.Build.0 = Release|Any CPU
	EndGlobalSection
	GlobalSection(SolutionProperties) = preSolution
		HideSolutionNode = FALSE
	EndGlobalSection
EndGlobal
